
Microsoft Visual Studio Solution File, Format Version 12.00
# Visual Studio 15
VisualStudioVersion = 15.0.27004.2009
MinimumVisualStudioVersion = 10.0.40219.1
Project("{9A19103F-16F7-4668-BE54-9A1E7A4F7556}") = "CT.Blog.Model", "CT.Test.Model\CT.Blog.Model.csproj", "{F6129116-E38F-494F-AA11-46A7CC59D77A}"
EndProject
Project("{9A19103F-16F7-4668-BE54-9A1E7A4F7556}") = "CT.Blog.Presentation", "CT.Test.Presentation\CT.Blog.Presentation.csproj", "{F3FAA56D-F679-41C5-A891-F05A997AFEE0}"
EndProject
Project("{9A19103F-16F7-4668-BE54-9A1E7A4F7556}") = "CT.Blog.Test", "CT.Test\CT.Blog.Test.csproj", "{46591E71-3F2A-432E-83B6-1669FFD2434A}"
EndProject
Project("{9A19103F-16F7-4668-BE54-9A1E7A4F7556}") = "CT", "CT\CT.csproj", "{ABAD4267-C0DB-4403-BDFD-F5F710390089}"
EndProject
Project("{9A19103F-16F7-4668-BE54-9A1E7A4F7556}") = "CT.Blog.ServerConsole", "CT.Server.Console\CT.Blog.ServerConsole.csproj", "{74195424-0EC0-4AF5-8986-F2DE14195686}"
EndProject
Project("{9A19103F-16F7-4668-BE54-9A1E7A4F7556}") = "CT.Server.Chat", "CT.Server.Foo.Console\CT.Server.Chat.csproj", "{288D0A8F-6912-4113-935A-47E62A8D350F}"
EndProject
Project("{2150E333-8FDC-42A3-9474-1A3956D46DE8}") = "Solution Items", "Solution Items", "{97870A6E-8515-4A90-977A-8A3EE541FB3A}"
	ProjectSection(SolutionItems) = preProject
		LICENSE = LICENSE
		README.md = README.md
	EndProjectSection
EndProject
Project("{9A19103F-16F7-4668-BE54-9A1E7A4F7556}") = "CT.Data.MicrosoftSqlServer", "CT.Data.MicrosoftSqlServer\CT.Data.MicrosoftSqlServer.csproj", "{995AD3F9-70E5-46C5-9094-91CA13FB5B27}"
EndProject
Global
	GlobalSection(SolutionConfigurationPlatforms) = preSolution
		Debug|Any CPU = Debug|Any CPU
		Release|Any CPU = Release|Any CPU
	EndGlobalSection
	GlobalSection(ProjectConfigurationPlatforms) = postSolution
		{F6129116-E38F-494F-AA11-46A7CC59D77A}.Debug|Any CPU.ActiveCfg = Debug|Any CPU
		{F6129116-E38F-494F-AA11-46A7CC59D77A}.Debug|Any CPU.Build.0 = Debug|Any CPU
		{F6129116-E38F-494F-AA11-46A7CC59D77A}.Release|Any CPU.ActiveCfg = Release|Any CPU
		{F6129116-E38F-494F-AA11-46A7CC59D77A}.Release|Any CPU.Build.0 = Release|Any CPU
		{F3FAA56D-F679-41C5-A891-F05A997AFEE0}.Debug|Any CPU.ActiveCfg = Debug|Any CPU
		{F3FAA56D-F679-41C5-A891-F05A997AFEE0}.Debug|Any CPU.Build.0 = Debug|Any CPU
		{F3FAA56D-F679-41C5-A891-F05A997AFEE0}.Release|Any CPU.ActiveCfg = Release|Any CPU
		{F3FAA56D-F679-41C5-A891-F05A997AFEE0}.Release|Any CPU.Build.0 = Release|Any CPU
		{46591E71-3F2A-432E-83B6-1669FFD2434A}.Debug|Any CPU.ActiveCfg = Debug|Any CPU
		{46591E71-3F2A-432E-83B6-1669FFD2434A}.Debug|Any CPU.Build.0 = Debug|Any CPU
		{46591E71-3F2A-432E-83B6-1669FFD2434A}.Release|Any CPU.ActiveCfg = Release|Any CPU
		{46591E71-3F2A-432E-83B6-1669FFD2434A}.Release|Any CPU.Build.0 = Release|Any CPU
		{ABAD4267-C0DB-4403-BDFD-F5F710390089}.Debug|Any CPU.ActiveCfg = Debug|Any CPU
		{ABAD4267-C0DB-4403-BDFD-F5F710390089}.Debug|Any CPU.Build.0 = Debug|Any CPU
		{ABAD4267-C0DB-4403-BDFD-F5F710390089}.Release|Any CPU.ActiveCfg = Release|Any CPU
		{ABAD4267-C0DB-4403-BDFD-F5F710390089}.Release|Any CPU.Build.0 = Release|Any CPU
		{74195424-0EC0-4AF5-8986-F2DE14195686}.Debug|Any CPU.ActiveCfg = Debug|Any CPU
		{74195424-0EC0-4AF5-8986-F2DE14195686}.Debug|Any CPU.Build.0 = Debug|Any CPU
		{74195424-0EC0-4AF5-8986-F2DE14195686}.Release|Any CPU.ActiveCfg = Release|Any CPU
		{74195424-0EC0-4AF5-8986-F2DE14195686}.Release|Any CPU.Build.0 = Release|Any CPU
		{288D0A8F-6912-4113-935A-47E62A8D350F}.Debug|Any CPU.ActiveCfg = Debug|Any CPU
		{288D0A8F-6912-4113-935A-47E62A8D350F}.Debug|Any CPU.Build.0 = Debug|Any CPU
		{288D0A8F-6912-4113-935A-47E62A8D350F}.Release|Any CPU.ActiveCfg = Release|Any CPU
		{288D0A8F-6912-4113-935A-47E62A8D350F}.Release|Any CPU.Build.0 = Release|Any CPU
		{995AD3F9-70E5-46C5-9094-91CA13FB5B27}.Debug|Any CPU.ActiveCfg = Debug|Any CPU
		{995AD3F9-70E5-46C5-9094-91CA13FB5B27}.Debug|Any CPU.Build.0 = Debug|Any CPU
		{995AD3F9-70E5-46C5-9094-91CA13FB5B27}.Release|Any CPU.ActiveCfg = Release|Any CPU
		{995AD3F9-70E5-46C5-9094-91CA13FB5B27}.Release|Any CPU.Build.0 = Release|Any CPU
	EndGlobalSection
	GlobalSection(SolutionProperties) = preSolution
		HideSolutionNode = FALSE
	EndGlobalSection
	GlobalSection(ExtensibilityGlobals) = postSolution
		SolutionGuid = {AA3CFD8C-A2F9-4DF5-BAA5-2AC6C5DDCC29}
	EndGlobalSection
EndGlobal
