
Microsoft Visual Studio Solution File, Format Version 12.00
# Visual Studio 15
VisualStudioVersion = 15.0.27004.2009
MinimumVisualStudioVersion = 10.0.40219.1
Project("{9A19103F-16F7-4668-BE54-9A1E7A4F7556}") = "CT.Test.Model", "CT.Test.Model\CT.Test.Model.csproj", "{F6129116-E38F-494F-AA11-46A7CC59D77A}"
EndProject
Project("{9A19103F-16F7-4668-BE54-9A1E7A4F7556}") = "CT.Test.Presentation", "CT.Test.Presentation\CT.Test.Presentation.csproj", "{F3FAA56D-F679-41C5-A891-F05A997AFEE0}"
EndProject
Project("{9A19103F-16F7-4668-BE54-9A1E7A4F7556}") = "CT.Test.Presentation.Services", "CT.Test.Presentation.Services\CT.Test.Presentation.Services.csproj", "{A5440DBA-13EE-431F-8A33-B8BACD143761}"
EndProject
Project("{9A19103F-16F7-4668-BE54-9A1E7A4F7556}") = "CT.Test", "CT.Test\CT.Test.csproj", "{46591E71-3F2A-432E-83B6-1669FFD2434A}"
EndProject
Project("{9A19103F-16F7-4668-BE54-9A1E7A4F7556}") = "CT", "CT\CT.csproj", "{ABAD4267-C0DB-4403-BDFD-F5F710390089}"
EndProject
Project("{9A19103F-16F7-4668-BE54-9A1E7A4F7556}") = "CT.Server.Console", "CT.Server.Console\CT.Server.Console.csproj", "{74195424-0EC0-4AF5-8986-F2DE14195686}"
EndProject
Project("{FAE04EC0-301F-11D3-BF4B-00C04F79EFBC}") = "CT.Server.Foo.Console", "CT.Server.Foo.Console\CT.Server.Foo.Console.csproj", "{288D0A8F-6912-4113-935A-47E62A8D350F}"
EndProject
Global
	GlobalSection(SolutionConfigurationPlatforms) = preSolution
		Debug|Any CPU = Debug|Any CPU
		Release|Any CPU = Release|Any CPU
	EndGlobalSection
	GlobalSection(ProjectConfigurationPlatforms) = postSolution
		{F6129116-E38F-494F-AA11-46A7CC59D77A}.Debug|Any CPU.ActiveCfg = Debug|Any CPU
		{F6129116-E38F-494F-AA11-46A7CC59D77A}.Debug|Any CPU.Build.0 = Debug|Any CPU
		{F6129116-E38F-494F-AA11-46A7CC59D77A}.Release|Any CPU.ActiveCfg = Release|Any CPU
		{F6129116-E38F-494F-AA11-46A7CC59D77A}.Release|Any CPU.Build.0 = Release|Any CPU
		{F3FAA56D-F679-41C5-A891-F05A997AFEE0}.Debug|Any CPU.ActiveCfg = Debug|Any CPU
		{F3FAA56D-F679-41C5-A891-F05A997AFEE0}.Debug|Any CPU.Build.0 = Debug|Any CPU
		{F3FAA56D-F679-41C5-A891-F05A997AFEE0}.Release|Any CPU.ActiveCfg = Release|Any CPU
		{F3FAA56D-F679-41C5-A891-F05A997AFEE0}.Release|Any CPU.Build.0 = Release|Any CPU
		{A5440DBA-13EE-431F-8A33-B8BACD143761}.Debug|Any CPU.ActiveCfg = Debug|Any CPU
		{A5440DBA-13EE-431F-8A33-B8BACD143761}.Debug|Any CPU.Build.0 = Debug|Any CPU
		{A5440DBA-13EE-431F-8A33-B8BACD143761}.Release|Any CPU.ActiveCfg = Release|Any CPU
		{A5440DBA-13EE-431F-8A33-B8BACD143761}.Release|Any CPU.Build.0 = Release|Any CPU
		{46591E71-3F2A-432E-83B6-1669FFD2434A}.Debug|Any CPU.ActiveCfg = Debug|Any CPU
		{46591E71-3F2A-432E-83B6-1669FFD2434A}.Debug|Any CPU.Build.0 = Debug|Any CPU
		{46591E71-3F2A-432E-83B6-1669FFD2434A}.Release|Any CPU.ActiveCfg = Release|Any CPU
		{46591E71-3F2A-432E-83B6-1669FFD2434A}.Release|Any CPU.Build.0 = Release|Any CPU
		{ABAD4267-C0DB-4403-BDFD-F5F710390089}.Debug|Any CPU.ActiveCfg = Debug|Any CPU
		{ABAD4267-C0DB-4403-BDFD-F5F710390089}.Debug|Any CPU.Build.0 = Debug|Any CPU
		{ABAD4267-C0DB-4403-BDFD-F5F710390089}.Release|Any CPU.ActiveCfg = Release|Any CPU
		{ABAD4267-C0DB-4403-BDFD-F5F710390089}.Release|Any CPU.Build.0 = Release|Any CPU
		{74195424-0EC0-4AF5-8986-F2DE14195686}.Debug|Any CPU.ActiveCfg = Debug|Any CPU
		{74195424-0EC0-4AF5-8986-F2DE14195686}.Debug|Any CPU.Build.0 = Debug|Any CPU
		{74195424-0EC0-4AF5-8986-F2DE14195686}.Release|Any CPU.ActiveCfg = Release|Any CPU
		{74195424-0EC0-4AF5-8986-F2DE14195686}.Release|Any CPU.Build.0 = Release|Any CPU
		{288D0A8F-6912-4113-935A-47E62A8D350F}.Debug|Any CPU.ActiveCfg = Debug|Any CPU
		{288D0A8F-6912-4113-935A-47E62A8D350F}.Debug|Any CPU.Build.0 = Debug|Any CPU
		{288D0A8F-6912-4113-935A-47E62A8D350F}.Release|Any CPU.ActiveCfg = Release|Any CPU
		{288D0A8F-6912-4113-935A-47E62A8D350F}.Release|Any CPU.Build.0 = Release|Any CPU
	EndGlobalSection
	GlobalSection(SolutionProperties) = preSolution
		HideSolutionNode = FALSE
	EndGlobalSection
	GlobalSection(ExtensibilityGlobals) = postSolution
		SolutionGuid = {AA3CFD8C-A2F9-4DF5-BAA5-2AC6C5DDCC29}
	EndGlobalSection
EndGlobal
